
Microsoft Visual Studio Solution File, Format Version 12.00
# Visual Studio Version 17
VisualStudioVersion = 17.2.32630.192
MinimumVisualStudioVersion = 10.0.40219.1
Project("{FAE04EC0-301F-11D3-BF4B-00C04F79EFBC}") = "DataLoader", "DataLoader\DataLoader.csproj", "{DC703ACD-B5DB-46A6-9F7D-4CF1D0967FBE}"
EndProject
Global
	GlobalSection(SolutionConfigurationPlatforms) = preSolution
		Debug|Any CPU = Debug|Any CPU
		Release|Any CPU = Release|Any CPU
	EndGlobalSection
	GlobalSection(ProjectConfigurationPlatforms) = postSolution
		{DC703ACD-B5DB-46A6-9F7D-4CF1D0967FBE}.Debug|Any CPU.ActiveCfg = Debug|Any CPU
		{DC703ACD-B5DB-46A6-9F7D-4CF1D0967FBE}.Debug|Any CPU.Build.0 = Debug|Any CPU
		{DC703ACD-B5DB-46A6-9F7D-4CF1D0967FBE}.Release|Any CPU.ActiveCfg = Release|Any CPU
		{DC703ACD-B5DB-46A6-9F7D-4CF1D0967FBE}.Release|Any CPU.Build.0 = Release|Any CPU
	EndGlobalSection
	GlobalSection(SolutionProperties) = preSolution
		HideSolutionNode = FALSE
	EndGlobalSection
	GlobalSection(ExtensibilityGlobals) = postSolution
		SolutionGuid = {3CA5DDBF-B0A1-455C-907B-10A923AE9467}
	EndGlobalSection
EndGlobal
